
Microsoft Visual Studio Solution File, Format Version 12.00
# Visual Studio Version 17
VisualStudioVersion = 17.12.35527.113 d17.12
MinimumVisualStudioVersion = 10.0.40219.1
Project("{2150E333-8FDC-42A3-9474-1A3956D46DE8}") = "Services", "Services", "{EC54E9CB-E58C-4505-947B-E2F9F85EC059}"
EndProject
Project("{2150E333-8FDC-42A3-9474-1A3956D46DE8}") = "Catalog", "Catalog", "{938DC3DA-AEC1-408E-A70B-2987C61DF7C5}"
EndProject
Project("{FAE04EC0-301F-11D3-BF4B-00C04F79EFBC}") = "MultiShop.Catalog", "Services\Catalog\MultiShop.Catalog\MultiShop.Catalog.csproj", "{33632E91-360D-4CDE-935D-48686235EC66}"
EndProject
Global
	GlobalSection(SolutionConfigurationPlatforms) = preSolution
		Debug|Any CPU = Debug|Any CPU
		Release|Any CPU = Release|Any CPU
	EndGlobalSection
	GlobalSection(ProjectConfigurationPlatforms) = postSolution
		{33632E91-360D-4CDE-935D-48686235EC66}.Debug|Any CPU.ActiveCfg = Debug|Any CPU
		{33632E91-360D-4CDE-935D-48686235EC66}.Debug|Any CPU.Build.0 = Debug|Any CPU
		{33632E91-360D-4CDE-935D-48686235EC66}.Release|Any CPU.ActiveCfg = Release|Any CPU
		{33632E91-360D-4CDE-935D-48686235EC66}.Release|Any CPU.Build.0 = Release|Any CPU
	EndGlobalSection
	GlobalSection(SolutionProperties) = preSolution
		HideSolutionNode = FALSE
	EndGlobalSection
	GlobalSection(NestedProjects) = preSolution
		{938DC3DA-AEC1-408E-A70B-2987C61DF7C5} = {EC54E9CB-E58C-4505-947B-E2F9F85EC059}
		{33632E91-360D-4CDE-935D-48686235EC66} = {938DC3DA-AEC1-408E-A70B-2987C61DF7C5}
	EndGlobalSection
EndGlobal
